
Microsoft Visual Studio Solution File, Format Version 12.00
# Visual Studio Version 17
VisualStudioVersion = 17.0.31903.59
MinimumVisualStudioVersion = 10.0.40219.1
Project("{2150E333-8FDC-42A3-9474-1A3956D46DE8}") = "src", "src", "{827E0CD3-B72D-47B6-A68D-7590B98EB39B}"
EndProject
Project("{FAE04EC0-301F-11D3-BF4B-00C04F79EFBC}") = "PersonDemo.WebAPI", "src\PersonDemo.WebAPI\PersonDemo.WebAPI.csproj", "{7582489E-E598-4083-8D33-97722F6106BF}"
EndProject
Project("{FAE04EC0-301F-11D3-BF4B-00C04F79EFBC}") = "PersonDemo.Application", "src\PersonDemo.Application\PersonDemo.Application.csproj", "{AF545C09-5084-497D-A5BD-500E58B51C72}"
EndProject
Project("{FAE04EC0-301F-11D3-BF4B-00C04F79EFBC}") = "PersonDemo.Core", "src\PersonDemo.Core\PersonDemo.Core.csproj", "{D2163871-F351-41FA-9C8D-54B4236C4E33}"
EndProject
Project("{FAE04EC0-301F-11D3-BF4B-00C04F79EFBC}") = "PersonDemo.Infrastructure", "src\PersonDemo.Infrastructure\PersonDemo.Infrastructure.csproj", "{1C0EB591-28E0-4CB0-8B32-97779C1A4649}"
EndProject
Project("{2150E333-8FDC-42A3-9474-1A3956D46DE8}") = "tests", "tests", "{0AB3BF05-4346-4AA6-1389-037BE0695223}"
EndProject
Project("{FAE04EC0-301F-11D3-BF4B-00C04F79EFBC}") = "PersonDemo.WebAPI.UnitTests", "tests\PersonDemo.WebAPI.UnitTests\PersonDemo.WebAPI.UnitTests.csproj", "{3BC77EE6-E4D6-49AC-B6A0-FEB901C85D04}"
EndProject
Project("{FAE04EC0-301F-11D3-BF4B-00C04F79EFBC}") = "PersonDemo.Application.UnitTests", "tests\PersonDemo.Application.UnitTests\PersonDemo.Application.UnitTests.csproj", "{B698AFC8-CE9C-4423-9169-0A5BE2E392DE}"
EndProject
Project("{FAE04EC0-301F-11D3-BF4B-00C04F79EFBC}") = "PersonDemo.Core.UnitTests", "tests\PersonDemo.Core.UnitTests\PersonDemo.Core.UnitTests.csproj", "{838F08DE-0723-435D-B466-0C9A906C48FD}"
EndProject
Project("{FAE04EC0-301F-11D3-BF4B-00C04F79EFBC}") = "PersonDemo.IntegrationTests", "tests\PersonDemo.IntegrationTests\PersonDemo.IntegrationTests.csproj", "{E89E148D-9F22-4AD6-818F-B3D4EBACEC4C}"
EndProject
Global
	GlobalSection(SolutionConfigurationPlatforms) = preSolution
		Debug|Any CPU = Debug|Any CPU
		Debug|x64 = Debug|x64
		Debug|x86 = Debug|x86
		Release|Any CPU = Release|Any CPU
		Release|x64 = Release|x64
		Release|x86 = Release|x86
	EndGlobalSection
	GlobalSection(ProjectConfigurationPlatforms) = postSolution
		{7582489E-E598-4083-8D33-97722F6106BF}.Debug|Any CPU.ActiveCfg = Debug|Any CPU
		{7582489E-E598-4083-8D33-97722F6106BF}.Debug|Any CPU.Build.0 = Debug|Any CPU
		{7582489E-E598-4083-8D33-97722F6106BF}.Debug|x64.ActiveCfg = Debug|Any CPU
		{7582489E-E598-4083-8D33-97722F6106BF}.Debug|x64.Build.0 = Debug|Any CPU
		{7582489E-E598-4083-8D33-97722F6106BF}.Debug|x86.ActiveCfg = Debug|Any CPU
		{7582489E-E598-4083-8D33-97722F6106BF}.Debug|x86.Build.0 = Debug|Any CPU
		{7582489E-E598-4083-8D33-97722F6106BF}.Release|Any CPU.ActiveCfg = Release|Any CPU
		{7582489E-E598-4083-8D33-97722F6106BF}.Release|Any CPU.Build.0 = Release|Any CPU
		{7582489E-E598-4083-8D33-97722F6106BF}.Release|x64.ActiveCfg = Release|Any CPU
		{7582489E-E598-4083-8D33-97722F6106BF}.Release|x64.Build.0 = Release|Any CPU
		{7582489E-E598-4083-8D33-97722F6106BF}.Release|x86.ActiveCfg = Release|Any CPU
		{7582489E-E598-4083-8D33-97722F6106BF}.Release|x86.Build.0 = Release|Any CPU
		{AF545C09-5084-497D-A5BD-500E58B51C72}.Debug|Any CPU.ActiveCfg = Debug|Any CPU
		{AF545C09-5084-497D-A5BD-500E58B51C72}.Debug|Any CPU.Build.0 = Debug|Any CPU
		{AF545C09-5084-497D-A5BD-500E58B51C72}.Debug|x64.ActiveCfg = Debug|Any CPU
		{AF545C09-5084-497D-A5BD-500E58B51C72}.Debug|x64.Build.0 = Debug|Any CPU
		{AF545C09-5084-497D-A5BD-500E58B51C72}.Debug|x86.ActiveCfg = Debug|Any CPU
		{AF545C09-5084-497D-A5BD-500E58B51C72}.Debug|x86.Build.0 = Debug|Any CPU
		{AF545C09-5084-497D-A5BD-500E58B51C72}.Release|Any CPU.ActiveCfg = Release|Any CPU
		{AF545C09-5084-497D-A5BD-500E58B51C72}.Release|Any CPU.Build.0 = Release|Any CPU
		{AF545C09-5084-497D-A5BD-500E58B51C72}.Release|x64.ActiveCfg = Release|Any CPU
		{AF545C09-5084-497D-A5BD-500E58B51C72}.Release|x64.Build.0 = Release|Any CPU
		{AF545C09-5084-497D-A5BD-500E58B51C72}.Release|x86.ActiveCfg = Release|Any CPU
		{AF545C09-5084-497D-A5BD-500E58B51C72}.Release|x86.Build.0 = Release|Any CPU
		{D2163871-F351-41FA-9C8D-54B4236C4E33}.Debug|Any CPU.ActiveCfg = Debug|Any CPU
		{D2163871-F351-41FA-9C8D-54B4236C4E33}.Debug|Any CPU.Build.0 = Debug|Any CPU
		{D2163871-F351-41FA-9C8D-54B4236C4E33}.Debug|x64.ActiveCfg = Debug|Any CPU
		{D2163871-F351-41FA-9C8D-54B4236C4E33}.Debug|x64.Build.0 = Debug|Any CPU
		{D2163871-F351-41FA-9C8D-54B4236C4E33}.Debug|x86.ActiveCfg = Debug|Any CPU
		{D2163871-F351-41FA-9C8D-54B4236C4E33}.Debug|x86.Build.0 = Debug|Any CPU
		{D2163871-F351-41FA-9C8D-54B4236C4E33}.Release|Any CPU.ActiveCfg = Release|Any CPU
		{D2163871-F351-41FA-9C8D-54B4236C4E33}.Release|Any CPU.Build.0 = Release|Any CPU
		{D2163871-F351-41FA-9C8D-54B4236C4E33}.Release|x64.ActiveCfg = Release|Any CPU
		{D2163871-F351-41FA-9C8D-54B4236C4E33}.Release|x64.Build.0 = Release|Any CPU
		{D2163871-F351-41FA-9C8D-54B4236C4E33}.Release|x86.ActiveCfg = Release|Any CPU
		{D2163871-F351-41FA-9C8D-54B4236C4E33}.Release|x86.Build.0 = Release|Any CPU
		{1C0EB591-28E0-4CB0-8B32-97779C1A4649}.Debug|Any CPU.ActiveCfg = Debug|Any CPU
		{1C0EB591-28E0-4CB0-8B32-97779C1A4649}.Debug|Any CPU.Build.0 = Debug|Any CPU
		{1C0EB591-28E0-4CB0-8B32-97779C1A4649}.Debug|x64.ActiveCfg = Debug|Any CPU
		{1C0EB591-28E0-4CB0-8B32-97779C1A4649}.Debug|x64.Build.0 = Debug|Any CPU
		{1C0EB591-28E0-4CB0-8B32-97779C1A4649}.Debug|x86.ActiveCfg = Debug|Any CPU
		{1C0EB591-28E0-4CB0-8B32-97779C1A4649}.Debug|x86.Build.0 = Debug|Any CPU
		{1C0EB591-28E0-4CB0-8B32-97779C1A4649}.Release|Any CPU.ActiveCfg = Release|Any CPU
		{1C0EB591-28E0-4CB0-8B32-97779C1A4649}.Release|Any CPU.Build.0 = Release|Any CPU
		{1C0EB591-28E0-4CB0-8B32-97779C1A4649}.Release|x64.ActiveCfg = Release|Any CPU
		{1C0EB591-28E0-4CB0-8B32-97779C1A4649}.Release|x64.Build.0 = Release|Any CPU
		{1C0EB591-28E0-4CB0-8B32-97779C1A4649}.Release|x86.ActiveCfg = Release|Any CPU
		{1C0EB591-28E0-4CB0-8B32-97779C1A4649}.Release|x86.Build.0 = Release|Any CPU
		{3BC77EE6-E4D6-49AC-B6A0-FEB901C85D04}.Debug|Any CPU.ActiveCfg = Debug|Any CPU
		{3BC77EE6-E4D6-49AC-B6A0-FEB901C85D04}.Debug|Any CPU.Build.0 = Debug|Any CPU
		{3BC77EE6-E4D6-49AC-B6A0-FEB901C85D04}.Debug|x64.ActiveCfg = Debug|Any CPU
		{3BC77EE6-E4D6-49AC-B6A0-FEB901C85D04}.Debug|x64.Build.0 = Debug|Any CPU
		{3BC77EE6-E4D6-49AC-B6A0-FEB901C85D04}.Debug|x86.ActiveCfg = Debug|Any CPU
		{3BC77EE6-E4D6-49AC-B6A0-FEB901C85D04}.Debug|x86.Build.0 = Debug|Any CPU
		{3BC77EE6-E4D6-49AC-B6A0-FEB901C85D04}.Release|Any CPU.ActiveCfg = Release|Any CPU
		{3BC77EE6-E4D6-49AC-B6A0-FEB901C85D04}.Release|Any CPU.Build.0 = Release|Any CPU
		{3BC77EE6-E4D6-49AC-B6A0-FEB901C85D04}.Release|x64.ActiveCfg = Release|Any CPU
		{3BC77EE6-E4D6-49AC-B6A0-FEB901C85D04}.Release|x64.Build.0 = Release|Any CPU
		{3BC77EE6-E4D6-49AC-B6A0-FEB901C85D04}.Release|x86.ActiveCfg = Release|Any CPU
		{3BC77EE6-E4D6-49AC-B6A0-FEB901C85D04}.Release|x86.Build.0 = Release|Any CPU
		{B698AFC8-CE9C-4423-9169-0A5BE2E392DE}.Debug|Any CPU.ActiveCfg = Debug|Any CPU
		{B698AFC8-CE9C-4423-9169-0A5BE2E392DE}.Debug|Any CPU.Build.0 = Debug|Any CPU
		{B698AFC8-CE9C-4423-9169-0A5BE2E392DE}.Debug|x64.ActiveCfg = Debug|Any CPU
		{B698AFC8-CE9C-4423-9169-0A5BE2E392DE}.Debug|x64.Build.0 = Debug|Any CPU
		{B698AFC8-CE9C-4423-9169-0A5BE2E392DE}.Debug|x86.ActiveCfg = Debug|Any CPU
		{B698AFC8-CE9C-4423-9169-0A5BE2E392DE}.Debug|x86.Build.0 = Debug|Any CPU
		{B698AFC8-CE9C-4423-9169-0A5BE2E392DE}.Release|Any CPU.ActiveCfg = Release|Any CPU
		{B698AFC8-CE9C-4423-9169-0A5BE2E392DE}.Release|Any CPU.Build.0 = Release|Any CPU
		{B698AFC8-CE9C-4423-9169-0A5BE2E392DE}.Release|x64.ActiveCfg = Release|Any CPU
		{B698AFC8-CE9C-4423-9169-0A5BE2E392DE}.Release|x64.Build.0 = Release|Any CPU
		{B698AFC8-CE9C-4423-9169-0A5BE2E392DE}.Release|x86.ActiveCfg = Release|Any CPU
		{B698AFC8-CE9C-4423-9169-0A5BE2E392DE}.Release|x86.Build.0 = Release|Any CPU
		{838F08DE-0723-435D-B466-0C9A906C48FD}.Debug|Any CPU.ActiveCfg = Debug|Any CPU
		{838F08DE-0723-435D-B466-0C9A906C48FD}.Debug|Any CPU.Build.0 = Debug|Any CPU
		{838F08DE-0723-435D-B466-0C9A906C48FD}.Debug|x64.ActiveCfg = Debug|Any CPU
		{838F08DE-0723-435D-B466-0C9A906C48FD}.Debug|x64.Build.0 = Debug|Any CPU
		{838F08DE-0723-435D-B466-0C9A906C48FD}.Debug|x86.ActiveCfg = Debug|Any CPU
		{838F08DE-0723-435D-B466-0C9A906C48FD}.Debug|x86.Build.0 = Debug|Any CPU
		{838F08DE-0723-435D-B466-0C9A906C48FD}.Release|Any CPU.ActiveCfg = Release|Any CPU
		{838F08DE-0723-435D-B466-0C9A906C48FD}.Release|Any CPU.Build.0 = Release|Any CPU
		{838F08DE-0723-435D-B466-0C9A906C48FD}.Release|x64.ActiveCfg = Release|Any CPU
		{838F08DE-0723-435D-B466-0C9A906C48FD}.Release|x64.Build.0 = Release|Any CPU
		{838F08DE-0723-435D-B466-0C9A906C48FD}.Release|x86.ActiveCfg = Release|Any CPU
		{838F08DE-0723-435D-B466-0C9A906C48FD}.Release|x86.Build.0 = Release|Any CPU
		{E89E148D-9F22-4AD6-818F-B3D4EBACEC4C}.Debug|Any CPU.ActiveCfg = Debug|Any CPU
		{E89E148D-9F22-4AD6-818F-B3D4EBACEC4C}.Debug|Any CPU.Build.0 = Debug|Any CPU
		{E89E148D-9F22-4AD6-818F-B3D4EBACEC4C}.Debug|x64.ActiveCfg = Debug|Any CPU
		{E89E148D-9F22-4AD6-818F-B3D4EBACEC4C}.Debug|x64.Build.0 = Debug|Any CPU
		{E89E148D-9F22-4AD6-818F-B3D4EBACEC4C}.Debug|x86.ActiveCfg = Debug|Any CPU
		{E89E148D-9F22-4AD6-818F-B3D4EBACEC4C}.Debug|x86.Build.0 = Debug|Any CPU
		{E89E148D-9F22-4AD6-818F-B3D4EBACEC4C}.Release|Any CPU.ActiveCfg = Release|Any CPU
		{E89E148D-9F22-4AD6-818F-B3D4EBACEC4C}.Release|Any CPU.Build.0 = Release|Any CPU
		{E89E148D-9F22-4AD6-818F-B3D4EBACEC4C}.Release|x64.ActiveCfg = Release|Any CPU
		{E89E148D-9F22-4AD6-818F-B3D4EBACEC4C}.Release|x64.Build.0 = Release|Any CPU
		{E89E148D-9F22-4AD6-818F-B3D4EBACEC4C}.Release|x86.ActiveCfg = Release|Any CPU
		{E89E148D-9F22-4AD6-818F-B3D4EBACEC4C}.Release|x86.Build.0 = Release|Any CPU
	EndGlobalSection
	GlobalSection(SolutionProperties) = preSolution
		HideSolutionNode = FALSE
	EndGlobalSection
	GlobalSection(NestedProjects) = preSolution
		{7582489E-E598-4083-8D33-97722F6106BF} = {827E0CD3-B72D-47B6-A68D-7590B98EB39B}
		{AF545C09-5084-497D-A5BD-500E58B51C72} = {827E0CD3-B72D-47B6-A68D-7590B98EB39B}
		{D2163871-F351-41FA-9C8D-54B4236C4E33} = {827E0CD3-B72D-47B6-A68D-7590B98EB39B}
		{1C0EB591-28E0-4CB0-8B32-97779C1A4649} = {827E0CD3-B72D-47B6-A68D-7590B98EB39B}
		{3BC77EE6-E4D6-49AC-B6A0-FEB901C85D04} = {0AB3BF05-4346-4AA6-1389-037BE0695223}
		{B698AFC8-CE9C-4423-9169-0A5BE2E392DE} = {0AB3BF05-4346-4AA6-1389-037BE0695223}
		{838F08DE-0723-435D-B466-0C9A906C48FD} = {0AB3BF05-4346-4AA6-1389-037BE0695223}
		{E89E148D-9F22-4AD6-818F-B3D4EBACEC4C} = {0AB3BF05-4346-4AA6-1389-037BE0695223}
	EndGlobalSection
EndGlobal
